
Microsoft Visual Studio Solution File, Format Version 12.00
# Visual Studio Version 16
VisualStudioVersion = 16.0.33328.57
MinimumVisualStudioVersion = 10.0.40219.1
Project("{2150E333-8FDC-42A3-9474-1A3956D46DE8}") = "Services", "Services", "{E37ACC77-D8A8-4526-A3E1-10AE800C71FD}"
EndProject
Project("{2150E333-8FDC-42A3-9474-1A3956D46DE8}") = "Catalog", "Catalog", "{E8FE3689-C4F1-43D9-83CA-E179E48E9A4D}"
EndProject
Project("{FAE04EC0-301F-11D3-BF4B-00C04F79EFBC}") = "Catalog.API", "Services\Catalog\Catalog.API\Catalog.API.csproj", "{4A5510DB-D0E4-4DD7-B7F8-DB1680B53126}"
EndProject
Global
	GlobalSection(SolutionConfigurationPlatforms) = preSolution
		Debug|Any CPU = Debug|Any CPU
		Release|Any CPU = Release|Any CPU
	EndGlobalSection
	GlobalSection(ProjectConfigurationPlatforms) = postSolution
		{4A5510DB-D0E4-4DD7-B7F8-DB1680B53126}.Debug|Any CPU.ActiveCfg = Debug|Any CPU
		{4A5510DB-D0E4-4DD7-B7F8-DB1680B53126}.Debug|Any CPU.Build.0 = Debug|Any CPU
		{4A5510DB-D0E4-4DD7-B7F8-DB1680B53126}.Release|Any CPU.ActiveCfg = Release|Any CPU
		{4A5510DB-D0E4-4DD7-B7F8-DB1680B53126}.Release|Any CPU.Build.0 = Release|Any CPU
	EndGlobalSection
	GlobalSection(SolutionProperties) = preSolution
		HideSolutionNode = FALSE
	EndGlobalSection
	GlobalSection(NestedProjects) = preSolution
		{E8FE3689-C4F1-43D9-83CA-E179E48E9A4D} = {E37ACC77-D8A8-4526-A3E1-10AE800C71FD}
		{4A5510DB-D0E4-4DD7-B7F8-DB1680B53126} = {E8FE3689-C4F1-43D9-83CA-E179E48E9A4D}
	EndGlobalSection
	GlobalSection(ExtensibilityGlobals) = postSolution
		SolutionGuid = {3207AC8B-2059-4E79-B014-CD53D4D95C80}
	EndGlobalSection
EndGlobal
